{
  "name": "@heuteapp/models",
  "version": "0.1.0",
  "lockfileVersion": 3,
  "requires": true,
  "packages": {
    "": {
      "name": "@heuteapp/models",
      "version": "0.1.0",
      "license": "MIT",
      "dependencies": {
        "@heuteapp/common": "^0.1.3"
      }
    },
    "node_modules/@heuteapp/common": {
      "version": "0.1.3",
      "resolved": "https://registry.npmjs.org/@heuteapp/common/-/common-0.1.3.tgz",
      "integrity": "sha512-R8zb41GC1t6RKkEFOomuo9hpzD8PGSCVvBNXRDuaciMovb4YTEj5KACTSJ0YrS4n1l5GN0zw3Or8vWg9UhG2iw==",
      "license": "MIT"
    }
  }
}
